<Solution>
  <Folder Name="/Src/" />
  <Folder Name="/Src/Bootstrapper/">
    <Project Path="FieldOps.Bootstrapper/FieldOps.Bootstrapper.csproj" />
  </Folder>
  <Folder Name="/Src/Modules/" />
  <Folder Name="/Src/Modules/Users/">
    <Project Path="FieldOps.Modules.Users.Api/FieldOps.Modules.Users.Api.csproj" />
    <Project Path="FieldOps.Modules.Users.Core/FieldOps.Modules.Users.Core.csproj" />
  </Folder>
  <Folder Name="/Src/Shared/">
    <Project Path="FieldOps.Shared.Abstractions/FieldOps.Shared.Abstractions.csproj" />
    <Project Path="FieldOps.Shared.Infrastructure/FieldOps.Shared.Infrastructure.csproj" />
  </Folder>
</Solution>
